{
  "name": "node.js-course-revvision",
  "version": "1.0.0",
  "lockfileVersion": 2,
  "requires": true,
  "packages": {
    "": {
      "name": "node.js-course-revvision",
      "version": "1.0.0",
      "license": "ISC",
      "dependencies": {
        "data-fns": "^0.1.8"
      }
    },
    "node_modules/data-fns": {
      "version": "0.1.8",
      "resolved": "https://registry.npmjs.org/data-fns/-/data-fns-0.1.8.tgz",
      "integrity": "sha512-3aC+mM92aUWsTx3lYD9el6RUZqaQceQeUw16de/cb9gyjp/CJ3yekYtsxQOYQoPAM2+kgfp1Km6zkzh5Q4+EYA==",
      "dependencies": {
        "unit-fns": "^0.1.6"
      },
      "engines": {
        "node": ">=10"
      }
    },
    "node_modules/unit-fns": {
      "version": "0.1.9",
      "resolved": "https://registry.npmjs.org/unit-fns/-/unit-fns-0.1.9.tgz",
      "integrity": "sha512-bxceIkc7n2icQmgQx8u3vX98ZBIcpL2YJDKIsWDFK7ZX1TTuLvtNWVNd9/oARCDHd7QQRzwc+zxabO0HSK8X0w==",
      "engines": {
        "node": ">=10"
      }
    }
  },
  "dependencies": {
    "data-fns": {
      "version": "0.1.8",
      "resolved": "https://registry.npmjs.org/data-fns/-/data-fns-0.1.8.tgz",
      "integrity": "sha512-3aC+mM92aUWsTx3lYD9el6RUZqaQceQeUw16de/cb9gyjp/CJ3yekYtsxQOYQoPAM2+kgfp1Km6zkzh5Q4+EYA==",
      "requires": {
        "unit-fns": "^0.1.6"
      }
    },
    "unit-fns": {
      "version": "0.1.9",
      "resolved": "https://registry.npmjs.org/unit-fns/-/unit-fns-0.1.9.tgz",
      "integrity": "sha512-bxceIkc7n2icQmgQx8u3vX98ZBIcpL2YJDKIsWDFK7ZX1TTuLvtNWVNd9/oARCDHd7QQRzwc+zxabO0HSK8X0w=="
    }
  }
}
